// !$*UTF8*$!
{
	archiveVersion = 1;
	classes = {
	};
	objectVersion = 46;
	objects = {

/* Begin PBXBuildFile section */
		2E67874755CE87F89C353FBC /* Pods_PetFinderTests.framework in Frameworks */ = {isa = PBXBuildFile; fileRef = 99431BE44A47AC566DB3443C /* Pods_PetFinderTests.framework */; };
		3D059BA8DCDE80BF9F1C6088 /* Pods_PetFinderUITests.framework in Frameworks */ = {isa = PBXBuildFile; fileRef = 51E7636BDC544C7BE5EB84EB /* Pods_PetFinderUITests.framework */; };
		73F86F378787DC24D30C5CE1 /* Pods_PetFinder.framework in Frameworks */ = {isa = PBXBuildFile; fileRef = FE45B9CCE60485A9D2705E68 /* Pods_PetFinder.framework */; };
		EC30897F1D05FC200082FC55 /* PetDetailViewController.swift in Sources */ = {isa = PBXBuildFile; fileRef = EC30897E1D05FC200082FC55 /* PetDetailViewController.swift */; };
		EC3089811D060EB20082FC55 /* Report.swift in Sources */ = {isa = PBXBuildFile; fileRef = EC3089801D060EB20082FC55 /* Report.swift */; };
		EC3089841D06325A0082FC55 /* ReportDetailViewController.swift in Sources */ = {isa = PBXBuildFile; fileRef = EC3089831D06325A0082FC55 /* ReportDetailViewController.swift */; };
		EC3089861D0653920082FC55 /* MapKit.framework in Frameworks */ = {isa = PBXBuildFile; fileRef = EC3089851D0653920082FC55 /* MapKit.framework */; };
		EC7200101CFBCD66004ED765 /* AppDelegate.swift in Sources */ = {isa = PBXBuildFile; fileRef = EC72000F1CFBCD66004ED765 /* AppDelegate.swift */; };
		EC7200151CFBCD66004ED765 /* Main.storyboard in Resources */ = {isa = PBXBuildFile; fileRef = EC7200131CFBCD66004ED765 /* Main.storyboard */; };
		EC7200181CFBCD66004ED765 /* PetFinder.xcdatamodeld in Sources */ = {isa = PBXBuildFile; fileRef = EC7200161CFBCD66004ED765 /* PetFinder.xcdatamodeld */; };
		EC72001A1CFBCD66004ED765 /* Assets.xcassets in Resources */ = {isa = PBXBuildFile; fileRef = EC7200191CFBCD66004ED765 /* Assets.xcassets */; };
		EC72001D1CFBCD66004ED765 /* LaunchScreen.storyboard in Resources */ = {isa = PBXBuildFile; fileRef = EC72001B1CFBCD66004ED765 /* LaunchScreen.storyboard */; };
		EC7200281CFBCD66004ED765 /* PetFinderTests.swift in Sources */ = {isa = PBXBuildFile; fileRef = EC7200271CFBCD66004ED765 /* PetFinderTests.swift */; };
		EC7200331CFBCD66004ED765 /* PetFinderUITests.swift in Sources */ = {isa = PBXBuildFile; fileRef = EC7200321CFBCD66004ED765 /* PetFinderUITests.swift */; };
		EC7200421CFBD61B004ED765 /* MenuTableViewController.swift in Sources */ = {isa = PBXBuildFile; fileRef = EC7200411CFBD61B004ED765 /* MenuTableViewController.swift */; };
		EC7200441CFBD62C004ED765 /* HomeViewController.swift in Sources */ = {isa = PBXBuildFile; fileRef = EC7200431CFBD62C004ED765 /* HomeViewController.swift */; };
		EC7200461CFC8DD1004ED765 /* PetRegistrationViewController.swift in Sources */ = {isa = PBXBuildFile; fileRef = EC7200451CFC8DD1004ED765 /* PetRegistrationViewController.swift */; };
		EC7200481CFCA54E004ED765 /* AboutUsViewController.swift in Sources */ = {isa = PBXBuildFile; fileRef = EC7200471CFCA54E004ED765 /* AboutUsViewController.swift */; };
		EC72004A1CFCA561004ED765 /* ReportPetViewController.swift in Sources */ = {isa = PBXBuildFile; fileRef = EC7200491CFCA561004ED765 /* ReportPetViewController.swift */; };
		EC72004E1CFCA589004ED765 /* RegisteredPetsTableViewController.swift in Sources */ = {isa = PBXBuildFile; fileRef = EC72004D1CFCA589004ED765 /* RegisteredPetsTableViewController.swift */; };
		EC7200501CFCA674004ED765 /* ReportedPetsTableViewController.swift in Sources */ = {isa = PBXBuildFile; fileRef = EC72004F1CFCA674004ED765 /* ReportedPetsTableViewController.swift */; };
		EC7200521CFCBFC5004ED765 /* LoginViewController.swift in Sources */ = {isa = PBXBuildFile; fileRef = EC7200511CFCBFC5004ED765 /* LoginViewController.swift */; };
		EC7200541CFCC464004ED765 /* SignupViewController.swift in Sources */ = {isa = PBXBuildFile; fileRef = EC7200531CFCC464004ED765 /* SignupViewController.swift */; };
		EC72005D1CFD24CE004ED765 /* User.swift in Sources */ = {isa = PBXBuildFile; fileRef = EC72005C1CFD24CE004ED765 /* User.swift */; };
		EC87F0EC1CFD2BD6007ECD46 /* Pet.swift in Sources */ = {isa = PBXBuildFile; fileRef = EC87F0EB1CFD2BD6007ECD46 /* Pet.swift */; };
		EC95C5741D033B5500B840DD /* NetworkManager.swift in Sources */ = {isa = PBXBuildFile; fileRef = EC95C5731D033B5500B840DD /* NetworkManager.swift */; };
/* End PBXBuildFile section */

/* Begin PBXContainerItemProxy section */
		EC7200241CFBCD66004ED765 /* PBXContainerItemProxy */ = {
			isa = PBXContainerItemProxy;
			containerPortal = EC7200041CFBCD66004ED765 /* Project object */;
			proxyType = 1;
			remoteGlobalIDString = EC72000B1CFBCD66004ED765;
			remoteInfo = PetFinder;
		};
		EC72002F1CFBCD66004ED765 /* PBXContainerItemProxy */ = {
			isa = PBXContainerItemProxy;
			containerPortal = EC7200041CFBCD66004ED765 /* Project object */;
			proxyType = 1;
			remoteGlobalIDString = EC72000B1CFBCD66004ED765;
			remoteInfo = PetFinder;
		};
/* End PBXContainerItemProxy section */

/* Begin PBXFileReference section */
		0050959DE4B5843E47838DDD /* Pods-PetFinderTests.debug.xcconfig */ = {isa = PBXFileReference; includeInIndex = 1; lastKnownFileType = text.xcconfig; name = "Pods-PetFinderTests.debug.xcconfig"; path = "Pods/Target Support Files/Pods-PetFinderTests/Pods-PetFinderTests.debug.xcconfig"; sourceTree = "<group>"; };
		38248E52C6AAC8F34811A75C /* Pods-PetFinder.debug.xcconfig */ = {isa = PBXFileReference; includeInIndex = 1; lastKnownFileType = text.xcconfig; name = "Pods-PetFinder.debug.xcconfig"; path = "Pods/Target Support Files/Pods-PetFinder/Pods-PetFinder.debug.xcconfig"; sourceTree = "<group>"; };
		42D7EF92EE13A09FF2B130F4 /* Pods-PetFinder.release.xcconfig */ = {isa = PBXFileReference; includeInIndex = 1; lastKnownFileType = text.xcconfig; name = "Pods-PetFinder.release.xcconfig"; path = "Pods/Target Support Files/Pods-PetFinder/Pods-PetFinder.release.xcconfig"; sourceTree = "<group>"; };
		51E7636BDC544C7BE5EB84EB /* Pods_PetFinderUITests.framework */ = {isa = PBXFileReference; explicitFileType = wrapper.framework; includeInIndex = 0; path = Pods_PetFinderUITests.framework; sourceTree = BUILT_PRODUCTS_DIR; };
		99431BE44A47AC566DB3443C /* Pods_PetFinderTests.framework */ = {isa = PBXFileReference; explicitFileType = wrapper.framework; includeInIndex = 0; path = Pods_PetFinderTests.framework; sourceTree = BUILT_PRODUCTS_DIR; };
		CEA75F02C08BB09D78A7BC5B /* Pods-PetFinderUITests.release.xcconfig */ = {isa = PBXFileReference; includeInIndex = 1; lastKnownFileType = text.xcconfig; name = "Pods-PetFinderUITests.release.xcconfig"; path = "Pods/Target Support Files/Pods-PetFinderUITests/Pods-PetFinderUITests.release.xcconfig"; sourceTree = "<group>"; };
		E33EEF4A414662BFA7554DA9 /* Pods-PetFinderUITests.debug.xcconfig */ = {isa = PBXFileReference; includeInIndex = 1; lastKnownFileType = text.xcconfig; name = "Pods-PetFinderUITests.debug.xcconfig"; path = "Pods/Target Support Files/Pods-PetFinderUITests/Pods-PetFinderUITests.debug.xcconfig"; sourceTree = "<group>"; };
		EC30897E1D05FC200082FC55 /* PetDetailViewController.swift */ = {isa = PBXFileReference; fileEncoding = 4; lastKnownFileType = sourcecode.swift; path = PetDetailViewController.swift; sourceTree = "<group>"; };
		EC3089801D060EB20082FC55 /* Report.swift */ = {isa = PBXFileReference; fileEncoding = 4; lastKnownFileType = sourcecode.swift; path = Report.swift; sourceTree = "<group>"; };
		EC3089831D06325A0082FC55 /* ReportDetailViewController.swift */ = {isa = PBXFileReference; fileEncoding = 4; lastKnownFileType = sourcecode.swift; path = ReportDetailViewController.swift; sourceTree = "<group>"; };
		EC3089851D0653920082FC55 /* MapKit.framework */ = {isa = PBXFileReference; lastKnownFileType = wrapper.framework; name = MapKit.framework; path = System/Library/Frameworks/MapKit.framework; sourceTree = SDKROOT; };
		EC72000C1CFBCD66004ED765 /* PetFinder.app */ = {isa = PBXFileReference; explicitFileType = wrapper.application; includeInIndex = 0; path = PetFinder.app; sourceTree = BUILT_PRODUCTS_DIR; };
		EC72000F1CFBCD66004ED765 /* AppDelegate.swift */ = {isa = PBXFileReference; lastKnownFileType = sourcecode.swift; path = AppDelegate.swift; sourceTree = "<group>"; };
		EC7200141CFBCD66004ED765 /* Base */ = {isa = PBXFileReference; lastKnownFileType = file.storyboard; name = Base; path = Base.lproj/Main.storyboard; sourceTree = "<group>"; };
		EC7200171CFBCD66004ED765 /* PetFinder.xcdatamodel */ = {isa = PBXFileReference; lastKnownFileType = wrapper.xcdatamodel; path = PetFinder.xcdatamodel; sourceTree = "<group>"; };
		EC7200191CFBCD66004ED765 /* Assets.xcassets */ = {isa = PBXFileReference; lastKnownFileType = folder.assetcatalog; path = Assets.xcassets; sourceTree = "<group>"; };
		EC72001C1CFBCD66004ED765 /* Base */ = {isa = PBXFileReference; lastKnownFileType = file.storyboard; name = Base; path = Base.lproj/LaunchScreen.storyboard; sourceTree = "<group>"; };
		EC72001E1CFBCD66004ED765 /* Info.plist */ = {isa = PBXFileReference; lastKnownFileType = text.plist.xml; path = Info.plist; sourceTree = "<group>"; };
		EC7200231CFBCD66004ED765 /* PetFinderTests.xctest */ = {isa = PBXFileReference; explicitFileType = wrapper.cfbundle; includeInIndex = 0; path = PetFinderTests.xctest; sourceTree = BUILT_PRODUCTS_DIR; };
		EC7200271CFBCD66004ED765 /* PetFinderTests.swift */ = {isa = PBXFileReference; lastKnownFileType = sourcecode.swift; path = PetFinderTests.swift; sourceTree = "<group>"; };
		EC7200291CFBCD66004ED765 /* Info.plist */ = {isa = PBXFileReference; lastKnownFileType = text.plist.xml; path = Info.plist; sourceTree = "<group>"; };
		EC72002E1CFBCD66004ED765 /* PetFinderUITests.xctest */ = {isa = PBXFileReference; explicitFileType = wrapper.cfbundle; includeInIndex = 0; path = PetFinderUITests.xctest; sourceTree = BUILT_PRODUCTS_DIR; };
		EC7200321CFBCD66004ED765 /* PetFinderUITests.swift */ = {isa = PBXFileReference; lastKnownFileType = sourcecode.swift; path = PetFinderUITests.swift; sourceTree = "<group>"; };
		EC7200341CFBCD66004ED765 /* Info.plist */ = {isa = PBXFileReference; lastKnownFileType = text.plist.xml; path = Info.plist; sourceTree = "<group>"; };
		EC7200411CFBD61B004ED765 /* MenuTableViewController.swift */ = {isa = PBXFileReference; fileEncoding = 4; lastKnownFileType = sourcecode.swift; path = MenuTableViewController.swift; sourceTree = "<group>"; };
		EC7200431CFBD62C004ED765 /* HomeViewController.swift */ = {isa = PBXFileReference; fileEncoding = 4; lastKnownFileType = sourcecode.swift; path = HomeViewController.swift; sourceTree = "<group>"; };
		EC7200451CFC8DD1004ED765 /* PetRegistrationViewController.swift */ = {isa = PBXFileReference; fileEncoding = 4; lastKnownFileType = sourcecode.swift; path = PetRegistrationViewController.swift; sourceTree = "<group>"; };
		EC7200471CFCA54E004ED765 /* AboutUsViewController.swift */ = {isa = PBXFileReference; fileEncoding = 4; lastKnownFileType = sourcecode.swift; path = AboutUsViewController.swift; sourceTree = "<group>"; };
		EC7200491CFCA561004ED765 /* ReportPetViewController.swift */ = {isa = PBXFileReference; fileEncoding = 4; lastKnownFileType = sourcecode.swift; path = ReportPetViewController.swift; sourceTree = "<group>"; };
		EC72004D1CFCA589004ED765 /* RegisteredPetsTableViewController.swift */ = {isa = PBXFileReference; fileEncoding = 4; lastKnownFileType = sourcecode.swift; path = RegisteredPetsTableViewController.swift; sourceTree = "<group>"; };
		EC72004F1CFCA674004ED765 /* ReportedPetsTableViewController.swift */ = {isa = PBXFileReference; fileEncoding = 4; lastKnownFileType = sourcecode.swift; path = ReportedPetsTableViewController.swift; sourceTree = "<group>"; };
		EC7200511CFCBFC5004ED765 /* LoginViewController.swift */ = {isa = PBXFileReference; fileEncoding = 4; lastKnownFileType = sourcecode.swift; path = LoginViewController.swift; sourceTree = "<group>"; };
		EC7200531CFCC464004ED765 /* SignupViewController.swift */ = {isa = PBXFileReference; fileEncoding = 4; lastKnownFileType = sourcecode.swift; path = SignupViewController.swift; sourceTree = "<group>"; };
		EC72005C1CFD24CE004ED765 /* User.swift */ = {isa = PBXFileReference; fileEncoding = 4; lastKnownFileType = sourcecode.swift; path = User.swift; sourceTree = "<group>"; };
		EC87F0EB1CFD2BD6007ECD46 /* Pet.swift */ = {isa = PBXFileReference; fileEncoding = 4; lastKnownFileType = sourcecode.swift; path = Pet.swift; sourceTree = "<group>"; };
		EC95C5731D033B5500B840DD /* NetworkManager.swift */ = {isa = PBXFileReference; fileEncoding = 4; lastKnownFileType = sourcecode.swift; path = NetworkManager.swift; sourceTree = "<group>"; };
		ECAA9A861D03443400232DAF /* Alamofire.framework */ = {isa = PBXFileReference; lastKnownFileType = wrapper.framework; name = Alamofire.framework; path = "../../../../../../../Library/Developer/Xcode/DerivedData/PetFinder-ajoyooulvidmbohjzmjvgurtoblc/Build/Products/Debug-iphonesimulator/Alamofire/Alamofire.framework"; sourceTree = "<group>"; };
		F59539B6E6973B601D713248 /* Pods-PetFinderTests.release.xcconfig */ = {isa = PBXFileReference; includeInIndex = 1; lastKnownFileType = text.xcconfig; name = "Pods-PetFinderTests.release.xcconfig"; path = "Pods/Target Support Files/Pods-PetFinderTests/Pods-PetFinderTests.release.xcconfig"; sourceTree = "<group>"; };
		FE45B9CCE60485A9D2705E68 /* Pods_PetFinder.framework */ = {isa = PBXFileReference; explicitFileType = wrapper.framework; includeInIndex = 0; path = Pods_PetFinder.framework; sourceTree = BUILT_PRODUCTS_DIR; };
/* End PBXFileReference section */

/* Begin PBXFrameworksBuildPhase section */
		EC7200091CFBCD66004ED765 /* Frameworks */ = {
			isa = PBXFrameworksBuildPhase;
			buildActionMask = 2147483647;
			files = (
				EC3089861D0653920082FC55 /* MapKit.framework in Frameworks */,
				73F86F378787DC24D30C5CE1 /* Pods_PetFinder.framework in Frameworks */,
			);
			runOnlyForDeploymentPostprocessing = 0;
		};
		EC7200201CFBCD66004ED765 /* Frameworks */ = {
			isa = PBXFrameworksBuildPhase;
			buildActionMask = 2147483647;
			files = (
				2E67874755CE87F89C353FBC /* Pods_PetFinderTests.framework in Frameworks */,
			);
			runOnlyForDeploymentPostprocessing = 0;
		};
		EC72002B1CFBCD66004ED765 /* Frameworks */ = {
			isa = PBXFrameworksBuildPhase;
			buildActionMask = 2147483647;
			files = (
				3D059BA8DCDE80BF9F1C6088 /* Pods_PetFinderUITests.framework in Frameworks */,
			);
			runOnlyForDeploymentPostprocessing = 0;
		};
/* End PBXFrameworksBuildPhase section */

/* Begin PBXGroup section */
		605659144E44A70C0C56FACE /* Frameworks */ = {
			isa = PBXGroup;
			children = (
				EC3089851D0653920082FC55 /* MapKit.framework */,
				ECAA9A861D03443400232DAF /* Alamofire.framework */,
				FE45B9CCE60485A9D2705E68 /* Pods_PetFinder.framework */,
				99431BE44A47AC566DB3443C /* Pods_PetFinderTests.framework */,
				51E7636BDC544C7BE5EB84EB /* Pods_PetFinderUITests.framework */,
			);
			name = Frameworks;
			sourceTree = "<group>";
		};
		A626B2B6DAC7725AB6125F90 /* Pods */ = {
			isa = PBXGroup;
			children = (
				38248E52C6AAC8F34811A75C /* Pods-PetFinder.debug.xcconfig */,
				42D7EF92EE13A09FF2B130F4 /* Pods-PetFinder.release.xcconfig */,
				0050959DE4B5843E47838DDD /* Pods-PetFinderTests.debug.xcconfig */,
				F59539B6E6973B601D713248 /* Pods-PetFinderTests.release.xcconfig */,
				E33EEF4A414662BFA7554DA9 /* Pods-PetFinderUITests.debug.xcconfig */,
				CEA75F02C08BB09D78A7BC5B /* Pods-PetFinderUITests.release.xcconfig */,
			);
			name = Pods;
			sourceTree = "<group>";
		};
		EC7200031CFBCD66004ED765 = {
			isa = PBXGroup;
			children = (
				EC72000E1CFBCD66004ED765 /* PetFinder */,
				EC7200261CFBCD66004ED765 /* PetFinderTests */,
				EC7200311CFBCD66004ED765 /* PetFinderUITests */,
				EC72000D1CFBCD66004ED765 /* Products */,
				A626B2B6DAC7725AB6125F90 /* Pods */,
				605659144E44A70C0C56FACE /* Frameworks */,
			);
			sourceTree = "<group>";
		};
		EC72000D1CFBCD66004ED765 /* Products */ = {
			isa = PBXGroup;
			children = (
				EC72000C1CFBCD66004ED765 /* PetFinder.app */,
				EC7200231CFBCD66004ED765 /* PetFinderTests.xctest */,
				EC72002E1CFBCD66004ED765 /* PetFinderUITests.xctest */,
			);
			name = Products;
			sourceTree = "<group>";
		};
		EC72000E1CFBCD66004ED765 /* PetFinder */ = {
			isa = PBXGroup;
			children = (
				EC72000F1CFBCD66004ED765 /* AppDelegate.swift */,
				EC95C5721D033AC300B840DD /* Helpers */,
				EC7200551CFCC7B1004ED765 /* Models */,
				EC7200401CFBD607004ED765 /* Controllers */,
				EC87F0ED1CFD2ED0007ECD46 /* Views */,
				EC72001E1CFBCD66004ED765 /* Info.plist */,
				EC7200161CFBCD66004ED765 /* PetFinder.xcdatamodeld */,
			);
			path = PetFinder;
			sourceTree = "<group>";
		};
		EC7200261CFBCD66004ED765 /* PetFinderTests */ = {
			isa = PBXGroup;
			children = (
				EC7200271CFBCD66004ED765 /* PetFinderTests.swift */,
				EC7200291CFBCD66004ED765 /* Info.plist */,
			);
			path = PetFinderTests;
			sourceTree = "<group>";
		};
		EC7200311CFBCD66004ED765 /* PetFinderUITests */ = {
			isa = PBXGroup;
			children = (
				EC7200321CFBCD66004ED765 /* PetFinderUITests.swift */,
				EC7200341CFBCD66004ED765 /* Info.plist */,
			);
			path = PetFinderUITests;
			sourceTree = "<group>";
		};
		EC7200401CFBD607004ED765 /* Controllers */ = {
			isa = PBXGroup;
			children = (
				EC7200411CFBD61B004ED765 /* MenuTableViewController.swift */,
				EC7200431CFBD62C004ED765 /* HomeViewController.swift */,
				EC7200451CFC8DD1004ED765 /* PetRegistrationViewController.swift */,
				EC72004D1CFCA589004ED765 /* RegisteredPetsTableViewController.swift */,
				EC30897E1D05FC200082FC55 /* PetDetailViewController.swift */,
				EC72004F1CFCA674004ED765 /* ReportedPetsTableViewController.swift */,
				EC3089831D06325A0082FC55 /* ReportDetailViewController.swift */,
				EC7200491CFCA561004ED765 /* ReportPetViewController.swift */,
				EC7200471CFCA54E004ED765 /* AboutUsViewController.swift */,
				EC7200511CFCBFC5004ED765 /* LoginViewController.swift */,
				EC7200531CFCC464004ED765 /* SignupViewController.swift */,
			);
			name = Controllers;
			sourceTree = "<group>";
		};
		EC7200551CFCC7B1004ED765 /* Models */ = {
			isa = PBXGroup;
			children = (
				EC72005C1CFD24CE004ED765 /* User.swift */,
				EC87F0EB1CFD2BD6007ECD46 /* Pet.swift */,
				EC3089801D060EB20082FC55 /* Report.swift */,
			);
			name = Models;
			sourceTree = "<group>";
		};
		EC87F0ED1CFD2ED0007ECD46 /* Views */ = {
			isa = PBXGroup;
			children = (
				EC7200131CFBCD66004ED765 /* Main.storyboard */,
				EC7200191CFBCD66004ED765 /* Assets.xcassets */,
				EC72001B1CFBCD66004ED765 /* LaunchScreen.storyboard */,
			);
			name = Views;
			sourceTree = "<group>";
		};
		EC95C5721D033AC300B840DD /* Helpers */ = {
			isa = PBXGroup;
			children = (
				EC95C5731D033B5500B840DD /* NetworkManager.swift */,
			);
			name = Helpers;
			sourceTree = "<group>";
		};
/* End PBXGroup section */

/* Begin PBXNativeTarget section */
		EC72000B1CFBCD66004ED765 /* PetFinder */ = {
			isa = PBXNativeTarget;
			buildConfigurationList = EC7200371CFBCD66004ED765 /* Build configuration list for PBXNativeTarget "PetFinder" */;
			buildPhases = (
				C89E018709B35CB3FF430B61 /* 📦 Check Pods Manifest.lock */,
				EC7200081CFBCD66004ED765 /* Sources */,
				EC7200091CFBCD66004ED765 /* Frameworks */,
				EC72000A1CFBCD66004ED765 /* Resources */,
				C0108F6737C87F614B1BC5BF /* 📦 Embed Pods Frameworks */,
				E3BBF1CFAB4F04FA72BBFCE9 /* 📦 Copy Pods Resources */,
			);
			buildRules = (
			);
			dependencies = (
			);
			name = PetFinder;
			productName = PetFinder;
			productReference = EC72000C1CFBCD66004ED765 /* PetFinder.app */;
			productType = "com.apple.product-type.application";
		};
		EC7200221CFBCD66004ED765 /* PetFinderTests */ = {
			isa = PBXNativeTarget;
			buildConfigurationList = EC72003A1CFBCD66004ED765 /* Build configuration list for PBXNativeTarget "PetFinderTests" */;
			buildPhases = (
				D9626F2AE297CD0F2605325F /* 📦 Check Pods Manifest.lock */,
				EC72001F1CFBCD66004ED765 /* Sources */,
				EC7200201CFBCD66004ED765 /* Frameworks */,
				EC7200211CFBCD66004ED765 /* Resources */,
				00629CB1CE316893A1963034 /* 📦 Embed Pods Frameworks */,
				61952F18F0CF6D5000765CC1 /* 📦 Copy Pods Resources */,
			);
			buildRules = (
			);
			dependencies = (
				EC7200251CFBCD66004ED765 /* PBXTargetDependency */,
			);
			name = PetFinderTests;
			productName = PetFinderTests;
			productReference = EC7200231CFBCD66004ED765 /* PetFinderTests.xctest */;
			productType = "com.apple.product-type.bundle.unit-test";
		};
		EC72002D1CFBCD66004ED765 /* PetFinderUITests */ = {
			isa = PBXNativeTarget;
			buildConfigurationList = EC72003D1CFBCD66004ED765 /* Build configuration list for PBXNativeTarget "PetFinderUITests" */;
			buildPhases = (
				25D575113026D4575CC495EC /* 📦 Check Pods Manifest.lock */,
				EC72002A1CFBCD66004ED765 /* Sources */,
				EC72002B1CFBCD66004ED765 /* Frameworks */,
				EC72002C1CFBCD66004ED765 /* Resources */,
				0B707CE4892A63FF4C098099 /* 📦 Copy Pods Resources */,
			);
			buildRules = (
			);
			dependencies = (
				EC7200301CFBCD66004ED765 /* PBXTargetDependency */,
			);
			name = PetFinderUITests;
			productName = PetFinderUITests;
			productReference = EC72002E1CFBCD66004ED765 /* PetFinderUITests.xctest */;
			productType = "com.apple.product-type.bundle.ui-testing";
		};
/* End PBXNativeTarget section */

/* Begin PBXProject section */
		EC7200041CFBCD66004ED765 /* Project object */ = {
			isa = PBXProject;
			attributes = {
				LastSwiftUpdateCheck = 0730;
				LastUpgradeCheck = 0730;
				ORGANIZATIONNAME = "Matías Gil Echavarría";
				TargetAttributes = {
					EC72000B1CFBCD66004ED765 = {
						CreatedOnToolsVersion = 7.3.1;
						SystemCapabilities = {
							com.apple.Maps.iOS = {
								enabled = 1;
							};
						};
					};
					EC7200221CFBCD66004ED765 = {
						CreatedOnToolsVersion = 7.3.1;
						TestTargetID = EC72000B1CFBCD66004ED765;
					};
					EC72002D1CFBCD66004ED765 = {
						CreatedOnToolsVersion = 7.3.1;
						TestTargetID = EC72000B1CFBCD66004ED765;
					};
				};
			};
			buildConfigurationList = EC7200071CFBCD66004ED765 /* Build configuration list for PBXProject "PetFinder" */;
			compatibilityVersion = "Xcode 3.2";
			developmentRegion = English;
			hasScannedForEncodings = 0;
			knownRegions = (
				en,
				Base,
			);
			mainGroup = EC7200031CFBCD66004ED765;
			productRefGroup = EC72000D1CFBCD66004ED765 /* Products */;
			projectDirPath = "";
			projectRoot = "";
			targets = (
				EC72000B1CFBCD66004ED765 /* PetFinder */,
				EC7200221CFBCD66004ED765 /* PetFinderTests */,
				EC72002D1CFBCD66004ED765 /* PetFinderUITests */,
			);
		};
/* End PBXProject section */

/* Begin PBXResourcesBuildPhase section */
		EC72000A1CFBCD66004ED765 /* Resources */ = {
			isa = PBXResourcesBuildPhase;
			buildActionMask = 2147483647;
			files = (
				EC72001D1CFBCD66004ED765 /* LaunchScreen.storyboard in Resources */,
				EC72001A1CFBCD66004ED765 /* Assets.xcassets in Resources */,
				EC7200151CFBCD66004ED765 /* Main.storyboard in Resources */,
			);
			runOnlyForDeploymentPostprocessing = 0;
		};
		EC7200211CFBCD66004ED765 /* Resources */ = {
			isa = PBXResourcesBuildPhase;
			buildActionMask = 2147483647;
			files = (
			);
			runOnlyForDeploymentPostprocessing = 0;
		};
		EC72002C1CFBCD66004ED765 /* Resources */ = {
			isa = PBXResourcesBuildPhase;
			buildActionMask = 2147483647;
			files = (
			);
			runOnlyForDeploymentPostprocessing = 0;
		};
/* End PBXResourcesBuildPhase section */

/* Begin PBXShellScriptBuildPhase section */
		00629CB1CE316893A1963034 /* 📦 Embed Pods Frameworks */ = {
			isa = PBXShellScriptBuildPhase;
			buildActionMask = 2147483647;
			files = (
			);
			inputPaths = (
			);
			name = "📦 Embed Pods Frameworks";
			outputPaths = (
			);
			runOnlyForDeploymentPostprocessing = 0;
			shellPath = /bin/sh;
			shellScript = "\"${SRCROOT}/Pods/Target Support Files/Pods-PetFinderTests/Pods-PetFinderTests-frameworks.sh\"\n";
			showEnvVarsInLog = 0;
		};
		0B707CE4892A63FF4C098099 /* 📦 Copy Pods Resources */ = {
			isa = PBXShellScriptBuildPhase;
			buildActionMask = 2147483647;
			files = (
			);
			inputPaths = (
			);
			name = "📦 Copy Pods Resources";
			outputPaths = (
			);
			runOnlyForDeploymentPostprocessing = 0;
			shellPath = /bin/sh;
			shellScript = "\"${SRCROOT}/Pods/Target Support Files/Pods-PetFinderUITests/Pods-PetFinderUITests-resources.sh\"\n";
			showEnvVarsInLog = 0;
		};
		25D575113026D4575CC495EC /* 📦 Check Pods Manifest.lock */ = {
			isa = PBXShellScriptBuildPhase;
			buildActionMask = 2147483647;
			files = (
			);
			inputPaths = (
			);
			name = "📦 Check Pods Manifest.lock";
			outputPaths = (
			);
			runOnlyForDeploymentPostprocessing = 0;
			shellPath = /bin/sh;
			shellScript = "diff \"${PODS_ROOT}/../Podfile.lock\" \"${PODS_ROOT}/Manifest.lock\" > /dev/null\nif [[ $? != 0 ]] ; then\n    cat << EOM\nerror: The sandbox is not in sync with the Podfile.lock. Run 'pod install' or update your CocoaPods installation.\nEOM\n    exit 1\nfi\n";
			showEnvVarsInLog = 0;
		};
		61952F18F0CF6D5000765CC1 /* 📦 Copy Pods Resources */ = {
			isa = PBXShellScriptBuildPhase;
			buildActionMask = 2147483647;
			files = (
			);
			inputPaths = (
			);
			name = "📦 Copy Pods Resources";
			outputPaths = (
			);
			runOnlyForDeploymentPostprocessing = 0;
			shellPath = /bin/sh;
			shellScript = "\"${SRCROOT}/Pods/Target Support Files/Pods-PetFinderTests/Pods-PetFinderTests-resources.sh\"\n";
			showEnvVarsInLog = 0;
		};
		C0108F6737C87F614B1BC5BF /* 📦 Embed Pods Frameworks */ = {
			isa = PBXShellScriptBuildPhase;
			buildActionMask = 2147483647;
			files = (
			);
			inputPaths = (
			);
			name = "📦 Embed Pods Frameworks";
			outputPaths = (
			);
			runOnlyForDeploymentPostprocessing = 0;
			shellPath = /bin/sh;
			shellScript = "\"${SRCROOT}/Pods/Target Support Files/Pods-PetFinder/Pods-PetFinder-frameworks.sh\"\n";
			showEnvVarsInLog = 0;
		};
		C89E018709B35CB3FF430B61 /* 📦 Check Pods Manifest.lock */ = {
			isa = PBXShellScriptBuildPhase;
			buildActionMask = 2147483647;
			files = (
			);
			inputPaths = (
			);
			name = "📦 Check Pods Manifest.lock";
			outputPaths = (
			);
			runOnlyForDeploymentPostprocessing = 0;
			shellPath = /bin/sh;
			shellScript = "diff \"${PODS_ROOT}/../Podfile.lock\" \"${PODS_ROOT}/Manifest.lock\" > /dev/null\nif [[ $? != 0 ]] ; then\n    cat << EOM\nerror: The sandbox is not in sync with the Podfile.lock. Run 'pod install' or update your CocoaPods installation.\nEOM\n    exit 1\nfi\n";
			showEnvVarsInLog = 0;
		};
		D9626F2AE297CD0F2605325F /* 📦 Check Pods Manifest.lock */ = {
			isa = PBXShellScriptBuildPhase;
			buildActionMask = 2147483647;
			files = (
			);
			inputPaths = (
			);
			name = "📦 Check Pods Manifest.lock";
			outputPaths = (
			);
			runOnlyForDeploymentPostprocessing = 0;
			shellPath = /bin/sh;
			shellScript = "diff \"${PODS_ROOT}/../Podfile.lock\" \"${PODS_ROOT}/Manifest.lock\" > /dev/null\nif [[ $? != 0 ]] ; then\n    cat << EOM\nerror: The sandbox is not in sync with the Podfile.lock. Run 'pod install' or update your CocoaPods installation.\nEOM\n    exit 1\nfi\n";
			showEnvVarsInLog = 0;
		};
		E3BBF1CFAB4F04FA72BBFCE9 /* 📦 Copy Pods Resources */ = {
			isa = PBXShellScriptBuildPhase;
			buildActionMask = 2147483647;
			files = (
			);
			inputPaths = (
			);
			name = "📦 Copy Pods Resources";
			outputPaths = (
			);
			runOnlyForDeploymentPostprocessing = 0;
			shellPath = /bin/sh;
			shellScript = "\"${SRCROOT}/Pods/Target Support Files/Pods-PetFinder/Pods-PetFinder-resources.sh\"\n";
			showEnvVarsInLog = 0;
		};
/* End PBXShellScriptBuildPhase section */

/* Begin PBXSourcesBuildPhase section */
		EC7200081CFBCD66004ED765 /* Sources */ = {
			isa = PBXSourcesBuildPhase;
			buildActionMask = 2147483647;
			files = (
				EC7200181CFBCD66004ED765 /* PetFinder.xcdatamodeld in Sources */,
				EC7200461CFC8DD1004ED765 /* PetRegistrationViewController.swift in Sources */,
				EC7200541CFCC464004ED765 /* SignupViewController.swift in Sources */,
				EC3089811D060EB20082FC55 /* Report.swift in Sources */,
				EC30897F1D05FC200082FC55 /* PetDetailViewController.swift in Sources */,
				EC72004E1CFCA589004ED765 /* RegisteredPetsTableViewController.swift in Sources */,
				EC7200101CFBCD66004ED765 /* AppDelegate.swift in Sources */,
				EC3089841D06325A0082FC55 /* ReportDetailViewController.swift in Sources */,
				EC72004A1CFCA561004ED765 /* ReportPetViewController.swift in Sources */,
				EC7200421CFBD61B004ED765 /* MenuTableViewController.swift in Sources */,
				EC7200501CFCA674004ED765 /* ReportedPetsTableViewController.swift in Sources */,
				EC72005D1CFD24CE004ED765 /* User.swift in Sources */,
				EC7200481CFCA54E004ED765 /* AboutUsViewController.swift in Sources */,
				EC95C5741D033B5500B840DD /* NetworkManager.swift in Sources */,
				EC7200521CFCBFC5004ED765 /* LoginViewController.swift in Sources */,
				EC87F0EC1CFD2BD6007ECD46 /* Pet.swift in Sources */,
				EC7200441CFBD62C004ED765 /* HomeViewController.swift in Sources */,
			);
			runOnlyForDeploymentPostprocessing = 0;
		};
		EC72001F1CFBCD66004ED765 /* Sources */ = {
			isa = PBXSourcesBuildPhase;
			buildActionMask = 2147483647;
			files = (
				EC7200281CFBCD66004ED765 /* PetFinderTests.swift in Sources */,
			);
			runOnlyForDeploymentPostprocessing = 0;
		};
		EC72002A1CFBCD66004ED765 /* Sources */ = {
			isa = PBXSourcesBuildPhase;
			buildActionMask = 2147483647;
			files = (
				EC7200331CFBCD66004ED765 /* PetFinderUITests.swift in Sources */,
			);
			runOnlyForDeploymentPostprocessing = 0;
		};
/* End PBXSourcesBuildPhase section */

/* Begin PBXTargetDependency section */
		EC7200251CFBCD66004ED765 /* PBXTargetDependency */ = {
			isa = PBXTargetDependency;
			target = EC72000B1CFBCD66004ED765 /* PetFinder */;
			targetProxy = EC7200241CFBCD66004ED765 /* PBXContainerItemProxy */;
		};
		EC7200301CFBCD66004ED765 /* PBXTargetDependency */ = {
			isa = PBXTargetDependency;
			target = EC72000B1CFBCD66004ED765 /* PetFinder */;
			targetProxy = EC72002F1CFBCD66004ED765 /* PBXContainerItemProxy */;
		};
/* End PBXTargetDependency section */

/* Begin PBXVariantGroup section */
		EC7200131CFBCD66004ED765 /* Main.storyboard */ = {
			isa = PBXVariantGroup;
			children = (
				EC7200141CFBCD66004ED765 /* Base */,
			);
			name = Main.storyboard;
			sourceTree = "<group>";
		};
		EC72001B1CFBCD66004ED765 /* LaunchScreen.storyboard */ = {
			isa = PBXVariantGroup;
			children = (
				EC72001C1CFBCD66004ED765 /* Base */,
			);
			name = LaunchScreen.storyboard;
			sourceTree = "<group>";
		};
/* End PBXVariantGroup section */

/* Begin XCBuildConfiguration section */
		EC7200351CFBCD66004ED765 /* Debug */ = {
			isa = XCBuildConfiguration;
			buildSettings = {
				ALWAYS_SEARCH_USER_PATHS = NO;
				CLANG_ANALYZER_NONNULL = YES;
				CLANG_CXX_LANGUAGE_STANDARD = "gnu++0x";
				CLANG_CXX_LIBRARY = "libc++";
				CLANG_ENABLE_MODULES = YES;
				CLANG_ENABLE_OBJC_ARC = YES;
				CLANG_WARN_BOOL_CONVERSION = YES;
				CLANG_WARN_CONSTANT_CONVERSION = YES;
				CLANG_WARN_DIRECT_OBJC_ISA_USAGE = YES_ERROR;
				CLANG_WARN_EMPTY_BODY = YES;
				CLANG_WARN_ENUM_CONVERSION = YES;
				CLANG_WARN_INT_CONVERSION = YES;
				CLANG_WARN_OBJC_ROOT_CLASS = YES_ERROR;
				CLANG_WARN_UNREACHABLE_CODE = YES;
				CLANG_WARN__DUPLICATE_METHOD_MATCH = YES;
				"CODE_SIGN_IDENTITY[sdk=iphoneos*]" = "iPhone Developer";
				COPY_PHASE_STRIP = NO;
				DEBUG_INFORMATION_FORMAT = dwarf;
				ENABLE_STRICT_OBJC_MSGSEND = YES;
				ENABLE_TESTABILITY = YES;
				GCC_C_LANGUAGE_STANDARD = gnu99;
				GCC_DYNAMIC_NO_PIC = NO;
				GCC_NO_COMMON_BLOCKS = YES;
				GCC_OPTIMIZATION_LEVEL = 0;
				GCC_PREPROCESSOR_DEFINITIONS = (
					"DEBUG=1",
					"$(inherited)",
				);
				GCC_WARN_64_TO_32_BIT_CONVERSION = YES;
				GCC_WARN_ABOUT_RETURN_TYPE = YES_ERROR;
				GCC_WARN_UNDECLARED_SELECTOR = YES;
				GCC_WARN_UNINITIALIZED_AUTOS = YES_AGGRESSIVE;
				GCC_WARN_UNUSED_FUNCTION = YES;
				GCC_WARN_UNUSED_VARIABLE = YES;
				IPHONEOS_DEPLOYMENT_TARGET = 9.3;
				MTL_ENABLE_DEBUG_INFO = YES;
				ONLY_ACTIVE_ARCH = YES;
				SDKROOT = iphoneos;
				SWIFT_OPTIMIZATION_LEVEL = "-Onone";
			};
			name = Debug;
		};
		EC7200361CFBCD66004ED765 /* Release */ = {
			isa = XCBuildConfiguration;
			buildSettings = {
				ALWAYS_SEARCH_USER_PATHS = NO;
				CLANG_ANALYZER_NONNULL = YES;
				CLANG_CXX_LANGUAGE_STANDARD = "gnu++0x";
				CLANG_CXX_LIBRARY = "libc++";
				CLANG_ENABLE_MODULES = YES;
				CLANG_ENABLE_OBJC_ARC = YES;
				CLANG_WARN_BOOL_CONVERSION = YES;
				CLANG_WARN_CONSTANT_CONVERSION = YES;
				CLANG_WARN_DIRECT_OBJC_ISA_USAGE = YES_ERROR;
				CLANG_WARN_EMPTY_BODY = YES;
				CLANG_WARN_ENUM_CONVERSION = YES;
				CLANG_WARN_INT_CONVERSION = YES;
				CLANG_WARN_OBJC_ROOT_CLASS = YES_ERROR;
				CLANG_WARN_UNREACHABLE_CODE = YES;
				CLANG_WARN__DUPLICATE_METHOD_MATCH = YES;
				"CODE_SIGN_IDENTITY[sdk=iphoneos*]" = "iPhone Developer";
				COPY_PHASE_STRIP = NO;
				DEBUG_INFORMATION_FORMAT = "dwarf-with-dsym";
				ENABLE_NS_ASSERTIONS = NO;
				ENABLE_STRICT_OBJC_MSGSEND = YES;
				GCC_C_LANGUAGE_STANDARD = gnu99;
				GCC_NO_COMMON_BLOCKS = YES;
				GCC_WARN_64_TO_32_BIT_CONVERSION = YES;
				GCC_WARN_ABOUT_RETURN_TYPE = YES_ERROR;
				GCC_WARN_UNDECLARED_SELECTOR = YES;
				GCC_WARN_UNINITIALIZED_AUTOS = YES_AGGRESSIVE;
				GCC_WARN_UNUSED_FUNCTION = YES;
				GCC_WARN_UNUSED_VARIABLE = YES;
				IPHONEOS_DEPLOYMENT_TARGET = 9.3;
				MTL_ENABLE_DEBUG_INFO = NO;
				SDKROOT = iphoneos;
				VALIDATE_PRODUCT = YES;
			};
			name = Release;
		};
		EC7200381CFBCD66004ED765 /* Debug */ = {
			isa = XCBuildConfiguration;
			baseConfigurationReference = 38248E52C6AAC8F34811A75C /* Pods-PetFinder.debug.xcconfig */;
			buildSettings = {
				ASSETCATALOG_COMPILER_APPICON_NAME = AppIcon;
				INFOPLIST_FILE = PetFinder/Info.plist;
				LD_RUNPATH_SEARCH_PATHS = "$(inherited) @executable_path/Frameworks";
				PRODUCT_BUNDLE_IDENTIFIER = com.matiasdim.PetFinder;
				PRODUCT_NAME = "$(TARGET_NAME)";
			};
			name = Debug;
		};
		EC7200391CFBCD66004ED765 /* Release */ = {
			isa = XCBuildConfiguration;
			baseConfigurationReference = 42D7EF92EE13A09FF2B130F4 /* Pods-PetFinder.release.xcconfig */;
			buildSettings = {
				ASSETCATALOG_COMPILER_APPICON_NAME = AppIcon;
				INFOPLIST_FILE = PetFinder/Info.plist;
				LD_RUNPATH_SEARCH_PATHS = "$(inherited) @executable_path/Frameworks";
				PRODUCT_BUNDLE_IDENTIFIER = com.matiasdim.PetFinder;
				PRODUCT_NAME = "$(TARGET_NAME)";
			};
			name = Release;
		};
		EC72003B1CFBCD66004ED765 /* Debug */ = {
			isa = XCBuildConfiguration;
			baseConfigurationReference = 0050959DE4B5843E47838DDD /* Pods-PetFinderTests.debug.xcconfig */;
			buildSettings = {
				BUNDLE_LOADER = "$(TEST_HOST)";
				INFOPLIST_FILE = PetFinderTests/Info.plist;
				LD_RUNPATH_SEARCH_PATHS = "$(inherited) @executable_path/Frameworks @loader_path/Frameworks";
				PRODUCT_BUNDLE_IDENTIFIER = com.matiasdim.PetFinderTests;
				PRODUCT_NAME = "$(TARGET_NAME)";
				TEST_HOST = "$(BUILT_PRODUCTS_DIR)/PetFinder.app/PetFinder";
			};
			name = Debug;
		};
		EC72003C1CFBCD66004ED765 /* Release */ = {
			isa = XCBuildConfiguration;
			baseConfigurationReference = F59539B6E6973B601D713248 /* Pods-PetFinderTests.release.xcconfig */;
			buildSettings = {
				BUNDLE_LOADER = "$(TEST_HOST)";
				INFOPLIST_FILE = PetFinderTests/Info.plist;
				LD_RUNPATH_SEARCH_PATHS = "$(inherited) @executable_path/Frameworks @loader_path/Frameworks";
				PRODUCT_BUNDLE_IDENTIFIER = com.matiasdim.PetFinderTests;
				PRODUCT_NAME = "$(TARGET_NAME)";
				TEST_HOST = "$(BUILT_PRODUCTS_DIR)/PetFinder.app/PetFinder";
			};
			name = Release;
		};
		EC72003E1CFBCD66004ED765 /* Debug */ = {
			isa = XCBuildConfiguration;
			baseConfigurationReference = E33EEF4A414662BFA7554DA9 /* Pods-PetFinderUITests.debug.xcconfig */;
			buildSettings = {
				INFOPLIST_FILE = PetFinderUITests/Info.plist;
				LD_RUNPATH_SEARCH_PATHS = "$(inherited) @executable_path/Frameworks @loader_path/Frameworks";
				PRODUCT_BUNDLE_IDENTIFIER = com.matiasdim.PetFinderUITests;
				PRODUCT_NAME = "$(TARGET_NAME)";
				TEST_TARGET_NAME = PetFinder;
			};
			name = Debug;
		};
		EC72003F1CFBCD66004ED765 /* Release */ = {
			isa = XCBuildConfiguration;
			baseConfigurationReference = CEA75F02C08BB09D78A7BC5B /* Pods-PetFinderUITests.release.xcconfig */;
			buildSettings = {
				INFOPLIST_FILE = PetFinderUITests/Info.plist;
				LD_RUNPATH_SEARCH_PATHS = "$(inherited) @executable_path/Frameworks @loader_path/Frameworks";
				PRODUCT_BUNDLE_IDENTIFIER = com.matiasdim.PetFinderUITests;
				PRODUCT_NAME = "$(TARGET_NAME)";
				TEST_TARGET_NAME = PetFinder;
			};
			name = Release;
		};
/* End XCBuildConfiguration section */

/* Begin XCConfigurationList section */
		EC7200071CFBCD66004ED765 /* Build configuration list for PBXProject "PetFinder" */ = {
			isa = XCConfigurationList;
			buildConfigurations = (
				EC7200351CFBCD66004ED765 /* Debug */,
				EC7200361CFBCD66004ED765 /* Release */,
			);
			defaultConfigurationIsVisible = 0;
			defaultConfigurationName = Release;
		};
		EC7200371CFBCD66004ED765 /* Build configuration list for PBXNativeTarget "PetFinder" */ = {
			isa = XCConfigurationList;
			buildConfigurations = (
				EC7200381CFBCD66004ED765 /* Debug */,
				EC7200391CFBCD66004ED765 /* Release */,
			);
			defaultConfigurationIsVisible = 0;
			defaultConfigurationName = Release;
		};
		EC72003A1CFBCD66004ED765 /* Build configuration list for PBXNativeTarget "PetFinderTests" */ = {
			isa = XCConfigurationList;
			buildConfigurations = (
				EC72003B1CFBCD66004ED765 /* Debug */,
				EC72003C1CFBCD66004ED765 /* Release */,
			);
			defaultConfigurationIsVisible = 0;
			defaultConfigurationName = Release;
		};
		EC72003D1CFBCD66004ED765 /* Build configuration list for PBXNativeTarget "PetFinderUITests" */ = {
			isa = XCConfigurationList;
			buildConfigurations = (
				EC72003E1CFBCD66004ED765 /* Debug */,
				EC72003F1CFBCD66004ED765 /* Release */,
			);
			defaultConfigurationIsVisible = 0;
			defaultConfigurationName = Release;
		};
/* End XCConfigurationList section */

/* Begin XCVersionGroup section */
		EC7200161CFBCD66004ED765 /* PetFinder.xcdatamodeld */ = {
			isa = XCVersionGroup;
			children = (
				EC7200171CFBCD66004ED765 /* PetFinder.xcdatamodel */,
			);
			currentVersion = EC7200171CFBCD66004ED765 /* PetFinder.xcdatamodel */;
			path = PetFinder.xcdatamodeld;
			sourceTree = "<group>";
			versionGroupType = wrapper.xcdatamodel;
		};
/* End XCVersionGroup section */
	};
	rootObject = EC7200041CFBCD66004ED765 /* Project object */;
}
