// !$*UTF8*$!
{
	archiveVersion = 1;
	classes = {
	};
	objectVersion = 46;
	objects = {

/* Begin PBXBuildFile section */
		703A55302EA6D9767EB843EE /* Pods_PetFInder.framework in Frameworks */ = {isa = PBXBuildFile; fileRef = 1227D18E5099CA6D5863ED65 /* Pods_PetFInder.framework */; };
		EC20164F1CF682AA00CD8FCA /* AppDelegate.swift in Sources */ = {isa = PBXBuildFile; fileRef = EC20164E1CF682AA00CD8FCA /* AppDelegate.swift */; };
		EC2016541CF682AA00CD8FCA /* Main.storyboard in Resources */ = {isa = PBXBuildFile; fileRef = EC2016521CF682AA00CD8FCA /* Main.storyboard */; };
		EC2016561CF682AA00CD8FCA /* Assets.xcassets in Resources */ = {isa = PBXBuildFile; fileRef = EC2016551CF682AA00CD8FCA /* Assets.xcassets */; };
		EC2016591CF682AA00CD8FCA /* LaunchScreen.storyboard in Resources */ = {isa = PBXBuildFile; fileRef = EC2016571CF682AA00CD8FCA /* LaunchScreen.storyboard */; };
		EC43B9351CF6926B00D8A0BF /* HomeViewController.swift in Sources */ = {isa = PBXBuildFile; fileRef = EC43B9341CF6926B00D8A0BF /* HomeViewController.swift */; };
		ECF212651CF6959D0029B569 /* MyNavigationViewController.swift in Sources */ = {isa = PBXBuildFile; fileRef = ECF212641CF6959D0029B569 /* MyNavigationViewController.swift */; };
/* End PBXBuildFile section */

/* Begin PBXFileReference section */
		1227D18E5099CA6D5863ED65 /* Pods_PetFInder.framework */ = {isa = PBXFileReference; explicitFileType = wrapper.framework; includeInIndex = 0; path = Pods_PetFInder.framework; sourceTree = BUILT_PRODUCTS_DIR; };
		36820E96CCE2D3B704766777 /* Pods-PetFInder.debug.xcconfig */ = {isa = PBXFileReference; includeInIndex = 1; lastKnownFileType = text.xcconfig; name = "Pods-PetFInder.debug.xcconfig"; path = "Pods/Target Support Files/Pods-PetFInder/Pods-PetFInder.debug.xcconfig"; sourceTree = "<group>"; };
		3AE29AB9DC909C7C73CC54E9 /* Pods-PetFInder.release.xcconfig */ = {isa = PBXFileReference; includeInIndex = 1; lastKnownFileType = text.xcconfig; name = "Pods-PetFInder.release.xcconfig"; path = "Pods/Target Support Files/Pods-PetFInder/Pods-PetFInder.release.xcconfig"; sourceTree = "<group>"; };
		EC20164B1CF682AA00CD8FCA /* PetFInder.app */ = {isa = PBXFileReference; explicitFileType = wrapper.application; includeInIndex = 0; path = PetFInder.app; sourceTree = BUILT_PRODUCTS_DIR; };
		EC20164E1CF682AA00CD8FCA /* AppDelegate.swift */ = {isa = PBXFileReference; lastKnownFileType = sourcecode.swift; path = AppDelegate.swift; sourceTree = "<group>"; };
		EC2016531CF682AA00CD8FCA /* Base */ = {isa = PBXFileReference; lastKnownFileType = file.storyboard; name = Base; path = Base.lproj/Main.storyboard; sourceTree = "<group>"; };
		EC2016551CF682AA00CD8FCA /* Assets.xcassets */ = {isa = PBXFileReference; lastKnownFileType = folder.assetcatalog; path = Assets.xcassets; sourceTree = "<group>"; };
		EC2016581CF682AA00CD8FCA /* Base */ = {isa = PBXFileReference; lastKnownFileType = file.storyboard; name = Base; path = Base.lproj/LaunchScreen.storyboard; sourceTree = "<group>"; };
		EC20165A1CF682AA00CD8FCA /* Info.plist */ = {isa = PBXFileReference; lastKnownFileType = text.plist.xml; path = Info.plist; sourceTree = "<group>"; };
		EC43B9341CF6926B00D8A0BF /* HomeViewController.swift */ = {isa = PBXFileReference; fileEncoding = 4; lastKnownFileType = sourcecode.swift; path = HomeViewController.swift; sourceTree = "<group>"; };
		ECF212641CF6959D0029B569 /* MyNavigationViewController.swift */ = {isa = PBXFileReference; fileEncoding = 4; lastKnownFileType = sourcecode.swift; path = MyNavigationViewController.swift; sourceTree = "<group>"; };
/* End PBXFileReference section */

/* Begin PBXFrameworksBuildPhase section */
		EC2016481CF682AA00CD8FCA /* Frameworks */ = {
			isa = PBXFrameworksBuildPhase;
			buildActionMask = 2147483647;
			files = (
				703A55302EA6D9767EB843EE /* Pods_PetFInder.framework in Frameworks */,
			);
			runOnlyForDeploymentPostprocessing = 0;
		};
/* End PBXFrameworksBuildPhase section */

/* Begin PBXGroup section */
		74CBA874107290273CCCBE95 /* Pods */ = {
			isa = PBXGroup;
			children = (
				36820E96CCE2D3B704766777 /* Pods-PetFInder.debug.xcconfig */,
				3AE29AB9DC909C7C73CC54E9 /* Pods-PetFInder.release.xcconfig */,
			);
			name = Pods;
			sourceTree = "<group>";
		};
		7A179E8AC8EFE16814242AEB /* Frameworks */ = {
			isa = PBXGroup;
			children = (
				1227D18E5099CA6D5863ED65 /* Pods_PetFInder.framework */,
			);
			name = Frameworks;
			sourceTree = "<group>";
		};
		EC2016421CF682AA00CD8FCA = {
			isa = PBXGroup;
			children = (
				EC20164D1CF682AA00CD8FCA /* PetFInder */,
				EC20164C1CF682AA00CD8FCA /* Products */,
				74CBA874107290273CCCBE95 /* Pods */,
				7A179E8AC8EFE16814242AEB /* Frameworks */,
			);
			sourceTree = "<group>";
		};
		EC20164C1CF682AA00CD8FCA /* Products */ = {
			isa = PBXGroup;
			children = (
				EC20164B1CF682AA00CD8FCA /* PetFInder.app */,
			);
			name = Products;
			sourceTree = "<group>";
		};
		EC20164D1CF682AA00CD8FCA /* PetFInder */ = {
			isa = PBXGroup;
			children = (
				EC43B9361CF6927200D8A0BF /* Controllers */,
				EC20164E1CF682AA00CD8FCA /* AppDelegate.swift */,
				EC2016521CF682AA00CD8FCA /* Main.storyboard */,
				EC2016551CF682AA00CD8FCA /* Assets.xcassets */,
				EC2016571CF682AA00CD8FCA /* LaunchScreen.storyboard */,
				EC20165A1CF682AA00CD8FCA /* Info.plist */,
			);
			path = PetFInder;
			sourceTree = "<group>";
		};
		EC43B9361CF6927200D8A0BF /* Controllers */ = {
			isa = PBXGroup;
			children = (
				ECF212641CF6959D0029B569 /* MyNavigationViewController.swift */,
				EC43B9341CF6926B00D8A0BF /* HomeViewController.swift */,
			);
			name = Controllers;
			sourceTree = "<group>";
		};
/* End PBXGroup section */

/* Begin PBXNativeTarget section */
		EC20164A1CF682AA00CD8FCA /* PetFInder */ = {
			isa = PBXNativeTarget;
			buildConfigurationList = EC20165D1CF682AA00CD8FCA /* Build configuration list for PBXNativeTarget "PetFInder" */;
			buildPhases = (
				9CB2793178101E8BA90FC8FE /* 📦 Check Pods Manifest.lock */,
				EC2016471CF682AA00CD8FCA /* Sources */,
				EC2016481CF682AA00CD8FCA /* Frameworks */,
				EC2016491CF682AA00CD8FCA /* Resources */,
				4ED049F4141115670AD1CCC8 /* 📦 Embed Pods Frameworks */,
				784BF98B1442CE5487B7C48E /* 📦 Copy Pods Resources */,
			);
			buildRules = (
			);
			dependencies = (
			);
			name = PetFInder;
			productName = PetFInder;
			productReference = EC20164B1CF682AA00CD8FCA /* PetFInder.app */;
			productType = "com.apple.product-type.application";
		};
/* End PBXNativeTarget section */

/* Begin PBXProject section */
		EC2016431CF682AA00CD8FCA /* Project object */ = {
			isa = PBXProject;
			attributes = {
				LastSwiftUpdateCheck = 0730;
				LastUpgradeCheck = 0730;
				ORGANIZATIONNAME = "Matías Gil Echavarría";
				TargetAttributes = {
					EC20164A1CF682AA00CD8FCA = {
						CreatedOnToolsVersion = 7.3.1;
					};
				};
			};
			buildConfigurationList = EC2016461CF682AA00CD8FCA /* Build configuration list for PBXProject "PetFInder" */;
			compatibilityVersion = "Xcode 3.2";
			developmentRegion = English;
			hasScannedForEncodings = 0;
			knownRegions = (
				en,
				Base,
			);
			mainGroup = EC2016421CF682AA00CD8FCA;
			productRefGroup = EC20164C1CF682AA00CD8FCA /* Products */;
			projectDirPath = "";
			projectRoot = "";
			targets = (
				EC20164A1CF682AA00CD8FCA /* PetFInder */,
			);
		};
/* End PBXProject section */

/* Begin PBXResourcesBuildPhase section */
		EC2016491CF682AA00CD8FCA /* Resources */ = {
			isa = PBXResourcesBuildPhase;
			buildActionMask = 2147483647;
			files = (
				EC2016591CF682AA00CD8FCA /* LaunchScreen.storyboard in Resources */,
				EC2016561CF682AA00CD8FCA /* Assets.xcassets in Resources */,
				EC2016541CF682AA00CD8FCA /* Main.storyboard in Resources */,
			);
			runOnlyForDeploymentPostprocessing = 0;
		};
/* End PBXResourcesBuildPhase section */

/* Begin PBXShellScriptBuildPhase section */
		4ED049F4141115670AD1CCC8 /* 📦 Embed Pods Frameworks */ = {
			isa = PBXShellScriptBuildPhase;
			buildActionMask = 2147483647;
			files = (
			);
			inputPaths = (
			);
			name = "📦 Embed Pods Frameworks";
			outputPaths = (
			);
			runOnlyForDeploymentPostprocessing = 0;
			shellPath = /bin/sh;
			shellScript = "\"${SRCROOT}/Pods/Target Support Files/Pods-PetFInder/Pods-PetFInder-frameworks.sh\"\n";
			showEnvVarsInLog = 0;
		};
		784BF98B1442CE5487B7C48E /* 📦 Copy Pods Resources */ = {
			isa = PBXShellScriptBuildPhase;
			buildActionMask = 2147483647;
			files = (
			);
			inputPaths = (
			);
			name = "📦 Copy Pods Resources";
			outputPaths = (
			);
			runOnlyForDeploymentPostprocessing = 0;
			shellPath = /bin/sh;
			shellScript = "\"${SRCROOT}/Pods/Target Support Files/Pods-PetFInder/Pods-PetFInder-resources.sh\"\n";
			showEnvVarsInLog = 0;
		};
		9CB2793178101E8BA90FC8FE /* 📦 Check Pods Manifest.lock */ = {
			isa = PBXShellScriptBuildPhase;
			buildActionMask = 2147483647;
			files = (
			);
			inputPaths = (
			);
			name = "📦 Check Pods Manifest.lock";
			outputPaths = (
			);
			runOnlyForDeploymentPostprocessing = 0;
			shellPath = /bin/sh;
			shellScript = "diff \"${PODS_ROOT}/../Podfile.lock\" \"${PODS_ROOT}/Manifest.lock\" > /dev/null\nif [[ $? != 0 ]] ; then\n    cat << EOM\nerror: The sandbox is not in sync with the Podfile.lock. Run 'pod install' or update your CocoaPods installation.\nEOM\n    exit 1\nfi\n";
			showEnvVarsInLog = 0;
		};
/* End PBXShellScriptBuildPhase section */

/* Begin PBXSourcesBuildPhase section */
		EC2016471CF682AA00CD8FCA /* Sources */ = {
			isa = PBXSourcesBuildPhase;
			buildActionMask = 2147483647;
			files = (
				EC20164F1CF682AA00CD8FCA /* AppDelegate.swift in Sources */,
				ECF212651CF6959D0029B569 /* MyNavigationViewController.swift in Sources */,
				EC43B9351CF6926B00D8A0BF /* HomeViewController.swift in Sources */,
			);
			runOnlyForDeploymentPostprocessing = 0;
		};
/* End PBXSourcesBuildPhase section */

/* Begin PBXVariantGroup section */
		EC2016521CF682AA00CD8FCA /* Main.storyboard */ = {
			isa = PBXVariantGroup;
			children = (
				EC2016531CF682AA00CD8FCA /* Base */,
			);
			name = Main.storyboard;
			sourceTree = "<group>";
		};
		EC2016571CF682AA00CD8FCA /* LaunchScreen.storyboard */ = {
			isa = PBXVariantGroup;
			children = (
				EC2016581CF682AA00CD8FCA /* Base */,
			);
			name = LaunchScreen.storyboard;
			sourceTree = "<group>";
		};
/* End PBXVariantGroup section */

/* Begin XCBuildConfiguration section */
		EC20165B1CF682AA00CD8FCA /* Debug */ = {
			isa = XCBuildConfiguration;
			buildSettings = {
				ALWAYS_SEARCH_USER_PATHS = NO;
				CLANG_ANALYZER_NONNULL = YES;
				CLANG_CXX_LANGUAGE_STANDARD = "gnu++0x";
				CLANG_CXX_LIBRARY = "libc++";
				CLANG_ENABLE_MODULES = YES;
				CLANG_ENABLE_OBJC_ARC = YES;
				CLANG_WARN_BOOL_CONVERSION = YES;
				CLANG_WARN_CONSTANT_CONVERSION = YES;
				CLANG_WARN_DIRECT_OBJC_ISA_USAGE = YES_ERROR;
				CLANG_WARN_EMPTY_BODY = YES;
				CLANG_WARN_ENUM_CONVERSION = YES;
				CLANG_WARN_INT_CONVERSION = YES;
				CLANG_WARN_OBJC_ROOT_CLASS = YES_ERROR;
				CLANG_WARN_UNREACHABLE_CODE = YES;
				CLANG_WARN__DUPLICATE_METHOD_MATCH = YES;
				"CODE_SIGN_IDENTITY[sdk=iphoneos*]" = "iPhone Developer";
				COPY_PHASE_STRIP = NO;
				DEBUG_INFORMATION_FORMAT = dwarf;
				ENABLE_STRICT_OBJC_MSGSEND = YES;
				ENABLE_TESTABILITY = YES;
				GCC_C_LANGUAGE_STANDARD = gnu99;
				GCC_DYNAMIC_NO_PIC = NO;
				GCC_NO_COMMON_BLOCKS = YES;
				GCC_OPTIMIZATION_LEVEL = 0;
				GCC_PREPROCESSOR_DEFINITIONS = (
					"DEBUG=1",
					"$(inherited)",
				);
				GCC_WARN_64_TO_32_BIT_CONVERSION = YES;
				GCC_WARN_ABOUT_RETURN_TYPE = YES_ERROR;
				GCC_WARN_UNDECLARED_SELECTOR = YES;
				GCC_WARN_UNINITIALIZED_AUTOS = YES_AGGRESSIVE;
				GCC_WARN_UNUSED_FUNCTION = YES;
				GCC_WARN_UNUSED_VARIABLE = YES;
				IPHONEOS_DEPLOYMENT_TARGET = 9.3;
				MTL_ENABLE_DEBUG_INFO = YES;
				ONLY_ACTIVE_ARCH = YES;
				SDKROOT = iphoneos;
				SWIFT_OPTIMIZATION_LEVEL = "-Onone";
			};
			name = Debug;
		};
		EC20165C1CF682AA00CD8FCA /* Release */ = {
			isa = XCBuildConfiguration;
			buildSettings = {
				ALWAYS_SEARCH_USER_PATHS = NO;
				CLANG_ANALYZER_NONNULL = YES;
				CLANG_CXX_LANGUAGE_STANDARD = "gnu++0x";
				CLANG_CXX_LIBRARY = "libc++";
				CLANG_ENABLE_MODULES = YES;
				CLANG_ENABLE_OBJC_ARC = YES;
				CLANG_WARN_BOOL_CONVERSION = YES;
				CLANG_WARN_CONSTANT_CONVERSION = YES;
				CLANG_WARN_DIRECT_OBJC_ISA_USAGE = YES_ERROR;
				CLANG_WARN_EMPTY_BODY = YES;
				CLANG_WARN_ENUM_CONVERSION = YES;
				CLANG_WARN_INT_CONVERSION = YES;
				CLANG_WARN_OBJC_ROOT_CLASS = YES_ERROR;
				CLANG_WARN_UNREACHABLE_CODE = YES;
				CLANG_WARN__DUPLICATE_METHOD_MATCH = YES;
				"CODE_SIGN_IDENTITY[sdk=iphoneos*]" = "iPhone Developer";
				COPY_PHASE_STRIP = NO;
				DEBUG_INFORMATION_FORMAT = "dwarf-with-dsym";
				ENABLE_NS_ASSERTIONS = NO;
				ENABLE_STRICT_OBJC_MSGSEND = YES;
				GCC_C_LANGUAGE_STANDARD = gnu99;
				GCC_NO_COMMON_BLOCKS = YES;
				GCC_WARN_64_TO_32_BIT_CONVERSION = YES;
				GCC_WARN_ABOUT_RETURN_TYPE = YES_ERROR;
				GCC_WARN_UNDECLARED_SELECTOR = YES;
				GCC_WARN_UNINITIALIZED_AUTOS = YES_AGGRESSIVE;
				GCC_WARN_UNUSED_FUNCTION = YES;
				GCC_WARN_UNUSED_VARIABLE = YES;
				IPHONEOS_DEPLOYMENT_TARGET = 9.3;
				MTL_ENABLE_DEBUG_INFO = NO;
				SDKROOT = iphoneos;
				VALIDATE_PRODUCT = YES;
			};
			name = Release;
		};
		EC20165E1CF682AA00CD8FCA /* Debug */ = {
			isa = XCBuildConfiguration;
			baseConfigurationReference = 36820E96CCE2D3B704766777 /* Pods-PetFInder.debug.xcconfig */;
			buildSettings = {
				ASSETCATALOG_COMPILER_APPICON_NAME = AppIcon;
				INFOPLIST_FILE = PetFInder/Info.plist;
				LD_RUNPATH_SEARCH_PATHS = "$(inherited) @executable_path/Frameworks";
				PRODUCT_BUNDLE_IDENTIFIER = com.matiasdim.PetFInder;
				PRODUCT_NAME = "$(TARGET_NAME)";
			};
			name = Debug;
		};
		EC20165F1CF682AA00CD8FCA /* Release */ = {
			isa = XCBuildConfiguration;
			baseConfigurationReference = 3AE29AB9DC909C7C73CC54E9 /* Pods-PetFInder.release.xcconfig */;
			buildSettings = {
				ASSETCATALOG_COMPILER_APPICON_NAME = AppIcon;
				INFOPLIST_FILE = PetFInder/Info.plist;
				LD_RUNPATH_SEARCH_PATHS = "$(inherited) @executable_path/Frameworks";
				PRODUCT_BUNDLE_IDENTIFIER = com.matiasdim.PetFInder;
				PRODUCT_NAME = "$(TARGET_NAME)";
			};
			name = Release;
		};
/* End XCBuildConfiguration section */

/* Begin XCConfigurationList section */
		EC2016461CF682AA00CD8FCA /* Build configuration list for PBXProject "PetFInder" */ = {
			isa = XCConfigurationList;
			buildConfigurations = (
				EC20165B1CF682AA00CD8FCA /* Debug */,
				EC20165C1CF682AA00CD8FCA /* Release */,
			);
			defaultConfigurationIsVisible = 0;
			defaultConfigurationName = Release;
		};
		EC20165D1CF682AA00CD8FCA /* Build configuration list for PBXNativeTarget "PetFInder" */ = {
			isa = XCConfigurationList;
			buildConfigurations = (
				EC20165E1CF682AA00CD8FCA /* Debug */,
				EC20165F1CF682AA00CD8FCA /* Release */,
			);
			defaultConfigurationIsVisible = 0;
			defaultConfigurationName = Release;
		};
/* End XCConfigurationList section */
	};
	rootObject = EC2016431CF682AA00CD8FCA /* Project object */;
}
